
Microsoft Visual Studio Solution File, Format Version 12.00
# Visual Studio Version 17
VisualStudioVersion = 17.8.34408.163
MinimumVisualStudioVersion = 10.0.40219.1
Project("{8BC9CEB8-8B4A-11D0-8D11-00A0C91BC942}") = "ArrayList", "ArrayList\ArrayList.vcxproj", "{2E6E9911-2B13-4360-9B9E-168263CFA74B}"
EndProject
Global
	GlobalSection(SolutionConfigurationPlatforms) = preSolution
		Debug|x64 = Debug|x64
		Debug|x86 = Debug|x86
		Release|x64 = Release|x64
		Release|x86 = Release|x86
	EndGlobalSection
	GlobalSection(ProjectConfigurationPlatforms) = postSolution
		{2E6E9911-2B13-4360-9B9E-168263CFA74B}.Debug|x64.ActiveCfg = Debug|x64
		{2E6E9911-2B13-4360-9B9E-168263CFA74B}.Debug|x64.Build.0 = Debug|x64
		{2E6E9911-2B13-4360-9B9E-168263CFA74B}.Debug|x86.ActiveCfg = Debug|Win32
		{2E6E9911-2B13-4360-9B9E-168263CFA74B}.Debug|x86.Build.0 = Debug|Win32
		{2E6E9911-2B13-4360-9B9E-168263CFA74B}.Release|x64.ActiveCfg = Release|x64
		{2E6E9911-2B13-4360-9B9E-168263CFA74B}.Release|x64.Build.0 = Release|x64
		{2E6E9911-2B13-4360-9B9E-168263CFA74B}.Release|x86.ActiveCfg = Release|Win32
		{2E6E9911-2B13-4360-9B9E-168263CFA74B}.Release|x86.Build.0 = Release|Win32
	EndGlobalSection
	GlobalSection(SolutionProperties) = preSolution
		HideSolutionNode = FALSE
	EndGlobalSection
	GlobalSection(ExtensibilityGlobals) = postSolution
		SolutionGuid = {9F8A9A84-72DE-464C-A0DD-6D132E84A1C3}
	EndGlobalSection
EndGlobal
